// !$*UTF8*$!
{
	archiveVersion = 1;
	classes = {
	};
	objectVersion = 77;
	objects = {

/* Begin PBXBuildFile section */
		FD1B954D2F18FA1F006E48C6 /* FirebaseAnalytics in Frameworks */ = {isa = PBXBuildFile; productRef = FD1B954C2F18FA1F006E48C6 /* FirebaseAnalytics */; };
		FD1B954F2F18FA1F006E48C6 /* FirebaseAnalyticsCore in Frameworks */ = {isa = PBXBuildFile; productRef = FD1B954E2F18FA1F006E48C6 /* FirebaseAnalyticsCore */; };
		FD1B95512F18FA1F006E48C6 /* FirebaseAnalyticsIdentitySupport in Frameworks */ = {isa = PBXBuildFile; productRef = FD1B95502F18FA1F006E48C6 /* FirebaseAnalyticsIdentitySupport */; };
		FD1B95532F18FA1F006E48C6 /* FirebaseAuth in Frameworks */ = {isa = PBXBuildFile; productRef = FD1B95522F18FA1F006E48C6 /* FirebaseAuth */; };
		FD1B95552F18FA1F006E48C6 /* FirebaseCore in Frameworks */ = {isa = PBXBuildFile; productRef = FD1B95542F18FA1F006E48C6 /* FirebaseCore */; };
		FD1B95572F18FA1F006E48C6 /* FirebaseCrashlytics in Frameworks */ = {isa = PBXBuildFile; productRef = FD1B95562F18FA1F006E48C6 /* FirebaseCrashlytics */; };
		FD1B95592F18FA1F006E48C6 /* FirebaseDatabase in Frameworks */ = {isa = PBXBuildFile; productRef = FD1B95582F18FA1F006E48C6 /* FirebaseDatabase */; };
		FD1B955B2F18FA1F006E48C6 /* FirebaseFirestore in Frameworks */ = {isa = PBXBuildFile; productRef = FD1B955A2F18FA1F006E48C6 /* FirebaseFirestore */; };
		FD1B955D2F18FA1F006E48C6 /* FirebaseStorage in Frameworks */ = {isa = PBXBuildFile; productRef = FD1B955C2F18FA1F006E48C6 /* FirebaseStorage */; };
		FDD82B7A2F24DC8C00D30513 /* Kingfisher in Frameworks */ = {isa = PBXBuildFile; productRef = FDD82B792F24DC8C00D30513 /* Kingfisher */; };
/* End PBXBuildFile section */

/* Begin PBXFileReference section */
		FD91C41C2F1676720057A588 /* GameVerseApp.app */ = {isa = PBXFileReference; explicitFileType = wrapper.application; includeInIndex = 0; path = GameVerseApp.app; sourceTree = BUILT_PRODUCTS_DIR; };
/* End PBXFileReference section */

/* Begin PBXFileSystemSynchronizedBuildFileExceptionSet section */
		FD91C42E2F1676740057A588 /* Exceptions for "GameVerseApp" folder in "GameVerseApp" target */ = {
			isa = PBXFileSystemSynchronizedBuildFileExceptionSet;
			membershipExceptions = (
				Info.plist,
			);
			target = FD91C41B2F1676720057A588 /* GameVerseApp */;
		};
/* End PBXFileSystemSynchronizedBuildFileExceptionSet section */

/* Begin PBXFileSystemSynchronizedRootGroup section */
		FD91C41E2F1676720057A588 /* GameVerseApp */ = {
			isa = PBXFileSystemSynchronizedRootGroup;
			exceptions = (
				FD91C42E2F1676740057A588 /* Exceptions for "GameVerseApp" folder in "GameVerseApp" target */,
			);
			path = GameVerseApp;
			sourceTree = "<group>";
		};
/* End PBXFileSystemSynchronizedRootGroup section */

/* Begin PBXFrameworksBuildPhase section */
		FD91C4192F1676720057A588 /* Frameworks */ = {
			isa = PBXFrameworksBuildPhase;
			buildActionMask = 2147483647;
			files = (
				FD1B954D2F18FA1F006E48C6 /* FirebaseAnalytics in Frameworks */,
				FD1B95552F18FA1F006E48C6 /* FirebaseCore in Frameworks */,
				FD1B955D2F18FA1F006E48C6 /* FirebaseStorage in Frameworks */,
				FD1B954F2F18FA1F006E48C6 /* FirebaseAnalyticsCore in Frameworks */,
				FDD82B7A2F24DC8C00D30513 /* Kingfisher in Frameworks */,
				FD1B95572F18FA1F006E48C6 /* FirebaseCrashlytics in Frameworks */,
				FD1B95512F18FA1F006E48C6 /* FirebaseAnalyticsIdentitySupport in Frameworks */,
				FD1B955B2F18FA1F006E48C6 /* FirebaseFirestore in Frameworks */,
				FD1B95592F18FA1F006E48C6 /* FirebaseDatabase in Frameworks */,
				FD1B95532F18FA1F006E48C6 /* FirebaseAuth in Frameworks */,
			);
			runOnlyForDeploymentPostprocessing = 0;
		};
/* End PBXFrameworksBuildPhase section */

/* Begin PBXGroup section */
		FD91C4132F1676720057A588 = {
			isa = PBXGroup;
			children = (
				FD91C41E2F1676720057A588 /* GameVerseApp */,
				FD91C41D2F1676720057A588 /* Products */,
			);
			sourceTree = "<group>";
		};
		FD91C41D2F1676720057A588 /* Products */ = {
			isa = PBXGroup;
			children = (
				FD91C41C2F1676720057A588 /* GameVerseApp.app */,
			);
			name = Products;
			sourceTree = "<group>";
		};
/* End PBXGroup section */

/* Begin PBXNativeTarget section */
		FD91C41B2F1676720057A588 /* GameVerseApp */ = {
			isa = PBXNativeTarget;
			buildConfigurationList = FD91C42F2F1676740057A588 /* Build configuration list for PBXNativeTarget "GameVerseApp" */;
			buildPhases = (
				FD91C4182F1676720057A588 /* Sources */,
				FD91C4192F1676720057A588 /* Frameworks */,
				FD91C41A2F1676720057A588 /* Resources */,
			);
			buildRules = (
			);
			dependencies = (
			);
			fileSystemSynchronizedGroups = (
				FD91C41E2F1676720057A588 /* GameVerseApp */,
			);
			name = GameVerseApp;
			packageProductDependencies = (
				FD1B954C2F18FA1F006E48C6 /* FirebaseAnalytics */,
				FD1B954E2F18FA1F006E48C6 /* FirebaseAnalyticsCore */,
				FD1B95502F18FA1F006E48C6 /* FirebaseAnalyticsIdentitySupport */,
				FD1B95522F18FA1F006E48C6 /* FirebaseAuth */,
				FD1B95542F18FA1F006E48C6 /* FirebaseCore */,
				FD1B95562F18FA1F006E48C6 /* FirebaseCrashlytics */,
				FD1B95582F18FA1F006E48C6 /* FirebaseDatabase */,
				FD1B955A2F18FA1F006E48C6 /* FirebaseFirestore */,
				FD1B955C2F18FA1F006E48C6 /* FirebaseStorage */,
				FDD82B792F24DC8C00D30513 /* Kingfisher */,
			);
			productName = GameVerseApp;
			productReference = FD91C41C2F1676720057A588 /* GameVerseApp.app */;
			productType = "com.apple.product-type.application";
		};
/* End PBXNativeTarget section */

/* Begin PBXProject section */
		FD91C4142F1676720057A588 /* Project object */ = {
			isa = PBXProject;
			attributes = {
				BuildIndependentTargetsInParallel = 1;
				LastSwiftUpdateCheck = 2610;
				LastUpgradeCheck = 2610;
				TargetAttributes = {
					FD91C41B2F1676720057A588 = {
						CreatedOnToolsVersion = 26.1.1;
					};
				};
			};
			buildConfigurationList = FD91C4172F1676720057A588 /* Build configuration list for PBXProject "GameVerseApp" */;
			developmentRegion = en;
			hasScannedForEncodings = 0;
			knownRegions = (
				en,
				Base,
			);
			mainGroup = FD91C4132F1676720057A588;
			minimizedProjectReferenceProxies = 1;
			packageReferences = (
				FD1B954B2F18FA1F006E48C6 /* XCRemoteSwiftPackageReference "firebase-ios-sdk" */,
				FDD82B782F24DC8C00D30513 /* XCRemoteSwiftPackageReference "Kingfisher" */,
			);
			preferredProjectObjectVersion = 77;
			productRefGroup = FD91C41D2F1676720057A588 /* Products */;
			projectDirPath = "";
			projectRoot = "";
			targets = (
				FD91C41B2F1676720057A588 /* GameVerseApp */,
			);
		};
/* End PBXProject section */

/* Begin PBXResourcesBuildPhase section */
		FD91C41A2F1676720057A588 /* Resources */ = {
			isa = PBXResourcesBuildPhase;
			buildActionMask = 2147483647;
			files = (
			);
			runOnlyForDeploymentPostprocessing = 0;
		};
/* End PBXResourcesBuildPhase section */

/* Begin PBXSourcesBuildPhase section */
		FD91C4182F1676720057A588 /* Sources */ = {
			isa = PBXSourcesBuildPhase;
			buildActionMask = 2147483647;
			files = (
			);
			runOnlyForDeploymentPostprocessing = 0;
		};
/* End PBXSourcesBuildPhase section */

/* Begin XCBuildConfiguration section */
		FD91C4302F1676740057A588 /* Debug */ = {
			isa = XCBuildConfiguration;
			baseConfigurationReferenceAnchor = FD91C41E2F1676720057A588 /* GameVerseApp */;
			baseConfigurationReferenceRelativePath = Secrets.xcconfig;
			buildSettings = {
				ASSETCATALOG_COMPILER_APPICON_NAME = AppIcon;
				ASSETCATALOG_COMPILER_GLOBAL_ACCENT_COLOR_NAME = AccentColor;
				CODE_SIGN_STYLE = Automatic;
				CURRENT_PROJECT_VERSION = 1;
				DEVELOPMENT_TEAM = M452745QWJ;
				GENERATE_INFOPLIST_FILE = YES;
				INFOPLIST_FILE = GameVerseApp/Info.plist;
				INFOPLIST_KEY_CFBundleDisplayName = GameVerse;
				INFOPLIST_KEY_UIApplicationSupportsIndirectInputEvents = YES;
				INFOPLIST_KEY_UILaunchStoryboardName = LaunchScreen;
				INFOPLIST_KEY_UIMainStoryboardFile = Main;
				INFOPLIST_KEY_UISupportedInterfaceOrientations_iPad = "UIInterfaceOrientationPortrait UIInterfaceOrientationPortraitUpsideDown UIInterfaceOrientationLandscapeLeft UIInterfaceOrientationLandscapeRight";
				INFOPLIST_KEY_UISupportedInterfaceOrientations_iPhone = "UIInterfaceOrientationPortrait UIInterfaceOrientationLandscapeLeft UIInterfaceOrientationLandscapeRight";
				LD_RUNPATH_SEARCH_PATHS = (
					"$(inherited)",
					"@executable_path/Frameworks",
				);
				MARKETING_VERSION = 1.0;
				PRODUCT_BUNDLE_IDENTIFIER = com.aysebeyzagur.GameVerseApp;
				PRODUCT_NAME = "$(TARGET_NAME)";
				STRING_CATALOG_GENERATE_SYMBOLS = YES;
				SWIFT_APPROACHABLE_CONCURRENCY = YES;
				SWIFT_DEFAULT_ACTOR_ISOLATION = MainActor;
				SWIFT_EMIT_LOC_STRINGS = YES;
				SWIFT_UPCOMING_FEATURE_MEMBER_IMPORT_VISIBILITY = YES;
				SWIFT_VERSION = 5.0;
				TARGETED_DEVICE_FAMILY = "1,2";
			};
			name = Debug;
		};
		FD91C4312F1676740057A588 /* Release */ = {
			isa = XCBuildConfiguration;
			baseConfigurationReferenceAnchor = FD91C41E2F1676720057A588 /* GameVerseApp */;
			baseConfigurationReferenceRelativePath = Secrets.xcconfig;
			buildSettings = {
				ASSETCATALOG_COMPILER_APPICON_NAME = AppIcon;
				ASSETCATALOG_COMPILER_GLOBAL_ACCENT_COLOR_NAME = AccentColor;
				CODE_SIGN_STYLE = Automatic;
				CURRENT_PROJECT_VERSION = 1;
				DEVELOPMENT_TEAM = M452745QWJ;
				GENERATE_INFOPLIST_FILE = YES;
				INFOPLIST_FILE = GameVerseApp/Info.plist;
				INFOPLIST_KEY_CFBundleDisplayName = GameVerse;
				INFOPLIST_KEY_UIApplicationSupportsIndirectInputEvents = YES;
				INFOPLIST_KEY_UILaunchStoryboardName = LaunchScreen;
				INFOPLIST_KEY_UIMainStoryboardFile = Main;
				INFOPLIST_KEY_UISupportedInterfaceOrientations_iPad = "UIInterfaceOrientationPortrait UIInterfaceOrientationPortraitUpsideDown UIInterfaceOrientationLandscapeLeft UIInterfaceOrientationLandscapeRight";
				INFOPLIST_KEY_UISupportedInterfaceOrientations_iPhone = "UIInterfaceOrientationPortrait UIInterfaceOrientationLandscapeLeft UIInterfaceOrientationLandscapeRight";
				LD_RUNPATH_SEARCH_PATHS = (
					"$(inherited)",
					"@executable_path/Frameworks",
				);
				MARKETING_VERSION = 1.0;
				PRODUCT_BUNDLE_IDENTIFIER = com.aysebeyzagur.GameVerseApp;
				PRODUCT_NAME = "$(TARGET_NAME)";
				STRING_CATALOG_GENERATE_SYMBOLS = YES;
				SWIFT_APPROACHABLE_CONCURRENCY = YES;
				SWIFT_DEFAULT_ACTOR_ISOLATION = MainActor;
				SWIFT_EMIT_LOC_STRINGS = YES;
				SWIFT_UPCOMING_FEATURE_MEMBER_IMPORT_VISIBILITY = YES;
				SWIFT_VERSION = 5.0;
				TARGETED_DEVICE_FAMILY = "1,2";
			};
			name = Release;
		};
		FD91C4322F1676740057A588 /* Debug */ = {
			isa = XCBuildConfiguration;
			baseConfigurationReferenceAnchor = FD91C41E2F1676720057A588 /* GameVerseApp */;
			baseConfigurationReferenceRelativePath = Secrets.xcconfig;
			buildSettings = {
				ALWAYS_SEARCH_USER_PATHS = NO;
				ASSETCATALOG_COMPILER_GENERATE_SWIFT_ASSET_SYMBOL_EXTENSIONS = YES;
				CLANG_ANALYZER_NONNULL = YES;
				CLANG_ANALYZER_NUMBER_OBJECT_CONVERSION = YES_AGGRESSIVE;
				CLANG_CXX_LANGUAGE_STANDARD = "gnu++20";
				CLANG_ENABLE_MODULES = YES;
				CLANG_ENABLE_OBJC_ARC = YES;
				CLANG_ENABLE_OBJC_WEAK = YES;
				CLANG_WARN_BLOCK_CAPTURE_AUTORELEASING = YES;
				CLANG_WARN_BOOL_CONVERSION = YES;
				CLANG_WARN_COMMA = YES;
				CLANG_WARN_CONSTANT_CONVERSION = YES;
				CLANG_WARN_DEPRECATED_OBJC_IMPLEMENTATIONS = YES;
				CLANG_WARN_DIRECT_OBJC_ISA_USAGE = YES_ERROR;
				CLANG_WARN_DOCUMENTATION_COMMENTS = YES;
				CLANG_WARN_EMPTY_BODY = YES;
				CLANG_WARN_ENUM_CONVERSION = YES;
				CLANG_WARN_INFINITE_RECURSION = YES;
				CLANG_WARN_INT_CONVERSION = YES;
				CLANG_WARN_NON_LITERAL_NULL_CONVERSION = YES;
				CLANG_WARN_OBJC_IMPLICIT_RETAIN_SELF = YES;
				CLANG_WARN_OBJC_LITERAL_CONVERSION = YES;
				CLANG_WARN_OBJC_ROOT_CLASS = YES_ERROR;
				CLANG_WARN_QUOTED_INCLUDE_IN_FRAMEWORK_HEADER = YES;
				CLANG_WARN_RANGE_LOOP_ANALYSIS = YES;
				CLANG_WARN_STRICT_PROTOTYPES = YES;
				CLANG_WARN_SUSPICIOUS_MOVE = YES;
				CLANG_WARN_UNGUARDED_AVAILABILITY = YES_AGGRESSIVE;
				CLANG_WARN_UNREACHABLE_CODE = YES;
				CLANG_WARN__DUPLICATE_METHOD_MATCH = YES;
				COPY_PHASE_STRIP = NO;
				DEBUG_INFORMATION_FORMAT = dwarf;
				DEVELOPMENT_TEAM = M452745QWJ;
				ENABLE_STRICT_OBJC_MSGSEND = YES;
				ENABLE_TESTABILITY = YES;
				ENABLE_USER_SCRIPT_SANDBOXING = YES;
				GCC_C_LANGUAGE_STANDARD = gnu17;
				GCC_DYNAMIC_NO_PIC = NO;
				GCC_NO_COMMON_BLOCKS = YES;
				GCC_OPTIMIZATION_LEVEL = 0;
				GCC_PREPROCESSOR_DEFINITIONS = (
					"DEBUG=1",
					"$(inherited)",
				);
				GCC_WARN_64_TO_32_BIT_CONVERSION = YES;
				GCC_WARN_ABOUT_RETURN_TYPE = YES_ERROR;
				GCC_WARN_UNDECLARED_SELECTOR = YES;
				GCC_WARN_UNINITIALIZED_AUTOS = YES_AGGRESSIVE;
				GCC_WARN_UNUSED_FUNCTION = YES;
				GCC_WARN_UNUSED_VARIABLE = YES;
				IPHONEOS_DEPLOYMENT_TARGET = 26.1;
				LOCALIZATION_PREFERS_STRING_CATALOGS = YES;
				MTL_ENABLE_DEBUG_INFO = INCLUDE_SOURCE;
				MTL_FAST_MATH = YES;
				ONLY_ACTIVE_ARCH = YES;
				SDKROOT = iphoneos;
				SWIFT_ACTIVE_COMPILATION_CONDITIONS = "DEBUG $(inherited)";
				SWIFT_OPTIMIZATION_LEVEL = "-Onone";
			};
			name = Debug;
		};
		FD91C4332F1676740057A588 /* Release */ = {
			isa = XCBuildConfiguration;
			baseConfigurationReferenceAnchor = FD91C41E2F1676720057A588 /* GameVerseApp */;
			baseConfigurationReferenceRelativePath = Secrets.xcconfig;
			buildSettings = {
				ALWAYS_SEARCH_USER_PATHS = NO;
				ASSETCATALOG_COMPILER_GENERATE_SWIFT_ASSET_SYMBOL_EXTENSIONS = YES;
				CLANG_ANALYZER_NONNULL = YES;
				CLANG_ANALYZER_NUMBER_OBJECT_CONVERSION = YES_AGGRESSIVE;
				CLANG_CXX_LANGUAGE_STANDARD = "gnu++20";
				CLANG_ENABLE_MODULES = YES;
				CLANG_ENABLE_OBJC_ARC = YES;
				CLANG_ENABLE_OBJC_WEAK = YES;
				CLANG_WARN_BLOCK_CAPTURE_AUTORELEASING = YES;
				CLANG_WARN_BOOL_CONVERSION = YES;
				CLANG_WARN_COMMA = YES;
				CLANG_WARN_CONSTANT_CONVERSION = YES;
				CLANG_WARN_DEPRECATED_OBJC_IMPLEMENTATIONS = YES;
				CLANG_WARN_DIRECT_OBJC_ISA_USAGE = YES_ERROR;
				CLANG_WARN_DOCUMENTATION_COMMENTS = YES;
				CLANG_WARN_EMPTY_BODY = YES;
				CLANG_WARN_ENUM_CONVERSION = YES;
				CLANG_WARN_INFINITE_RECURSION = YES;
				CLANG_WARN_INT_CONVERSION = YES;
				CLANG_WARN_NON_LITERAL_NULL_CONVERSION = YES;
				CLANG_WARN_OBJC_IMPLICIT_RETAIN_SELF = YES;
				CLANG_WARN_OBJC_LITERAL_CONVERSION = YES;
				CLANG_WARN_OBJC_ROOT_CLASS = YES_ERROR;
				CLANG_WARN_QUOTED_INCLUDE_IN_FRAMEWORK_HEADER = YES;
				CLANG_WARN_RANGE_LOOP_ANALYSIS = YES;
				CLANG_WARN_STRICT_PROTOTYPES = YES;
				CLANG_WARN_SUSPICIOUS_MOVE = YES;
				CLANG_WARN_UNGUARDED_AVAILABILITY = YES_AGGRESSIVE;
				CLANG_WARN_UNREACHABLE_CODE = YES;
				CLANG_WARN__DUPLICATE_METHOD_MATCH = YES;
				COPY_PHASE_STRIP = NO;
				DEBUG_INFORMATION_FORMAT = "dwarf-with-dsym";
				DEVELOPMENT_TEAM = M452745QWJ;
				ENABLE_NS_ASSERTIONS = NO;
				ENABLE_STRICT_OBJC_MSGSEND = YES;
				ENABLE_USER_SCRIPT_SANDBOXING = YES;
				GCC_C_LANGUAGE_STANDARD = gnu17;
				GCC_NO_COMMON_BLOCKS = YES;
				GCC_WARN_64_TO_32_BIT_CONVERSION = YES;
				GCC_WARN_ABOUT_RETURN_TYPE = YES_ERROR;
				GCC_WARN_UNDECLARED_SELECTOR = YES;
				GCC_WARN_UNINITIALIZED_AUTOS = YES_AGGRESSIVE;
				GCC_WARN_UNUSED_FUNCTION = YES;
				GCC_WARN_UNUSED_VARIABLE = YES;
				IPHONEOS_DEPLOYMENT_TARGET = 26.1;
				LOCALIZATION_PREFERS_STRING_CATALOGS = YES;
				MTL_ENABLE_DEBUG_INFO = NO;
				MTL_FAST_MATH = YES;
				SDKROOT = iphoneos;
				SWIFT_COMPILATION_MODE = wholemodule;
				VALIDATE_PRODUCT = YES;
			};
			name = Release;
		};
/* End XCBuildConfiguration section */

/* Begin XCConfigurationList section */
		FD91C4172F1676720057A588 /* Build configuration list for PBXProject "GameVerseApp" */ = {
			isa = XCConfigurationList;
			buildConfigurations = (
				FD91C4322F1676740057A588 /* Debug */,
				FD91C4332F1676740057A588 /* Release */,
			);
			defaultConfigurationIsVisible = 0;
			defaultConfigurationName = Release;
		};
		FD91C42F2F1676740057A588 /* Build configuration list for PBXNativeTarget "GameVerseApp" */ = {
			isa = XCConfigurationList;
			buildConfigurations = (
				FD91C4302F1676740057A588 /* Debug */,
				FD91C4312F1676740057A588 /* Release */,
			);
			defaultConfigurationIsVisible = 0;
			defaultConfigurationName = Release;
		};
/* End XCConfigurationList section */

/* Begin XCRemoteSwiftPackageReference section */
		FD1B954B2F18FA1F006E48C6 /* XCRemoteSwiftPackageReference "firebase-ios-sdk" */ = {
			isa = XCRemoteSwiftPackageReference;
			repositoryURL = "https://github.com/firebase/firebase-ios-sdk";
			requirement = {
				kind = upToNextMajorVersion;
				minimumVersion = 12.8.0;
			};
		};
		FDD82B782F24DC8C00D30513 /* XCRemoteSwiftPackageReference "Kingfisher" */ = {
			isa = XCRemoteSwiftPackageReference;
			repositoryURL = "https://github.com/onevcat/Kingfisher";
			requirement = {
				kind = upToNextMajorVersion;
				minimumVersion = 8.6.2;
			};
		};
/* End XCRemoteSwiftPackageReference section */

/* Begin XCSwiftPackageProductDependency section */
		FD1B954C2F18FA1F006E48C6 /* FirebaseAnalytics */ = {
			isa = XCSwiftPackageProductDependency;
			package = FD1B954B2F18FA1F006E48C6 /* XCRemoteSwiftPackageReference "firebase-ios-sdk" */;
			productName = FirebaseAnalytics;
		};
		FD1B954E2F18FA1F006E48C6 /* FirebaseAnalyticsCore */ = {
			isa = XCSwiftPackageProductDependency;
			package = FD1B954B2F18FA1F006E48C6 /* XCRemoteSwiftPackageReference "firebase-ios-sdk" */;
			productName = FirebaseAnalyticsCore;
		};
		FD1B95502F18FA1F006E48C6 /* FirebaseAnalyticsIdentitySupport */ = {
			isa = XCSwiftPackageProductDependency;
			package = FD1B954B2F18FA1F006E48C6 /* XCRemoteSwiftPackageReference "firebase-ios-sdk" */;
			productName = FirebaseAnalyticsIdentitySupport;
		};
		FD1B95522F18FA1F006E48C6 /* FirebaseAuth */ = {
			isa = XCSwiftPackageProductDependency;
			package = FD1B954B2F18FA1F006E48C6 /* XCRemoteSwiftPackageReference "firebase-ios-sdk" */;
			productName = FirebaseAuth;
		};
		FD1B95542F18FA1F006E48C6 /* FirebaseCore */ = {
			isa = XCSwiftPackageProductDependency;
			package = FD1B954B2F18FA1F006E48C6 /* XCRemoteSwiftPackageReference "firebase-ios-sdk" */;
			productName = FirebaseCore;
		};
		FD1B95562F18FA1F006E48C6 /* FirebaseCrashlytics */ = {
			isa = XCSwiftPackageProductDependency;
			package = FD1B954B2F18FA1F006E48C6 /* XCRemoteSwiftPackageReference "firebase-ios-sdk" */;
			productName = FirebaseCrashlytics;
		};
		FD1B95582F18FA1F006E48C6 /* FirebaseDatabase */ = {
			isa = XCSwiftPackageProductDependency;
			package = FD1B954B2F18FA1F006E48C6 /* XCRemoteSwiftPackageReference "firebase-ios-sdk" */;
			productName = FirebaseDatabase;
		};
		FD1B955A2F18FA1F006E48C6 /* FirebaseFirestore */ = {
			isa = XCSwiftPackageProductDependency;
			package = FD1B954B2F18FA1F006E48C6 /* XCRemoteSwiftPackageReference "firebase-ios-sdk" */;
			productName = FirebaseFirestore;
		};
		FD1B955C2F18FA1F006E48C6 /* FirebaseStorage */ = {
			isa = XCSwiftPackageProductDependency;
			package = FD1B954B2F18FA1F006E48C6 /* XCRemoteSwiftPackageReference "firebase-ios-sdk" */;
			productName = FirebaseStorage;
		};
		FDD82B792F24DC8C00D30513 /* Kingfisher */ = {
			isa = XCSwiftPackageProductDependency;
			package = FDD82B782F24DC8C00D30513 /* XCRemoteSwiftPackageReference "Kingfisher" */;
			productName = Kingfisher;
		};
/* End XCSwiftPackageProductDependency section */
	};
	rootObject = FD91C4142F1676720057A588 /* Project object */;
}
